
Microsoft Visual Studio Solution File, Format Version 12.00
# Visual Studio Version 16
VisualStudioVersion = 16.0.31112.23
MinimumVisualStudioVersion = 10.0.40219.1
Project("{FAE04EC0-301F-11D3-BF4B-00C04F79EFBC}") = "SearchAlgorithm", "SearchAlgorithm.csproj", "{B33364D6-3919-4A5E-BA90-D529ED2AFD61}"
EndProject
Global
	GlobalSection(SolutionConfigurationPlatforms) = preSolution
		Debug|Any CPU = Debug|Any CPU
		Release|Any CPU = Release|Any CPU
	EndGlobalSection
	GlobalSection(ProjectConfigurationPlatforms) = postSolution
		{B33364D6-3919-4A5E-BA90-D529ED2AFD61}.Debug|Any CPU.ActiveCfg = Debug|Any CPU
		{B33364D6-3919-4A5E-BA90-D529ED2AFD61}.Debug|Any CPU.Build.0 = Debug|Any CPU
		{B33364D6-3919-4A5E-BA90-D529ED2AFD61}.Release|Any CPU.ActiveCfg = Release|Any CPU
		{B33364D6-3919-4A5E-BA90-D529ED2AFD61}.Release|Any CPU.Build.0 = Release|Any CPU
	EndGlobalSection
	GlobalSection(SolutionProperties) = preSolution
		HideSolutionNode = FALSE
	EndGlobalSection
	GlobalSection(ExtensibilityGlobals) = postSolution
		SolutionGuid = {3A3AA136-0FDB-47B8-B72D-9A35CE777009}
	EndGlobalSection
EndGlobal
